lockfileVersion: 5.3

specifiers:
  pnpm: ^6.14.7
  typescript: ^4.4.2

devDependencies:
  pnpm: 6.14.7
  typescript: 4.4.2

packages:

  /pnpm/6.14.7:
    resolution: {integrity: sha512-/pjz4Eod3Heyxw/QCGLYpkZR8YNuzTTblgcVC+qvvYCtX0Wb5J9jVcbHoSRqC2jeo4ldtg8H9dssPlHlH50I7w==}
    engines: {node: '>=12.17'}
    hasBin: true
    dev: true

  /typescript/4.4.2:
    resolution: {integrity: sha512-gzP+t5W4hdy4c+68bfcv0t400HVJMMd2+H9B7gae1nQlBzCqvrXX+6GL/b3GAgyTH966pzrZ70/fRjwAtZksSQ==}
    engines: {node: '>=4.2.0'}
    hasBin: true
    dev: true
