lockfileVersion: 5.3

specifiers:
  typescript: ^4.4.2

devDependencies:
  typescript: 4.4.2

packages:

  /typescript/4.4.2:
    resolution: {integrity: sha512-gzP+t5W4hdy4c+68bfcv0t400HVJMMd2+H9B7gae1nQlBzCqvrXX+6GL/b3GAgyTH966pzrZ70/fRjwAtZksSQ==}
    engines: {node: '>=4.2.0'}
    hasBin: true
    dev: true
